PODS:
  - audio_tags_lofty (0.0.5):
    - FlutterMacOS
  - FlutterMacOS (1.0.0)

DEPENDENCIES:
  - audio_tags_lofty (from `Flutter/ephemeral/.symlinks/plugins/audio_tags_lofty/macos`)
  - FlutterMacOS (from `Flutter/ephemeral`)

EXTERNAL SOURCES:
  audio_tags_lofty:
    :path: Flutter/ephemeral/.symlinks/plugins/audio_tags_lofty/macos
  FlutterMacOS:
    :path: Flutter/ephemeral

SPEC CHECKSUMS:
  audio_tags_lofty: 6101a0549f6b15fb16f4e49e71d4d88422d2b1dc
  FlutterMacOS: c232990155153907050900a2e175c7773903ba4e

PODFILE CHECKSUM: 89c84cf5c2351c1e554c6dea18d31a879fc3a19e

COCOAPODS: 1.17.0
